<?xml version="1.0" encoding="utf-8"?>
<Project ToolsVersion="4.0" xmlns="http://schemas.microsoft.com/developer/msbuild/2003">
  <ItemGroup>
    <Filter Include="subr">
      <UniqueIdentifier>{8f723f45-81e1-44d2-81c8-3ed588d725a1}</UniqueIdentifier>
    </Filter>
  </ItemGroup>
  <ItemGroup>
    <CustomBuild Include="..\..\subr\convers\decsf.f90">
      <Filter>subr</Filter>
    </CustomBuild>
    <CustomBuild Include="..\..\subr\rays_locate\dispers.f90">
      <Filter>subr</Filter>
    </CustomBuild>
    <CustomBuild Include="..\..\subr\rays_locate\goal_new.f90">
      <Filter>subr</Filter>
    </CustomBuild>
    <CustomBuild Include="..\..\subr\rays_locate\h_lim.f90">
      <Filter>subr</Filter>
    </CustomBuild>
    <CustomBuild Include="..\..\subr\rays_locate\prepare_ref.f90">
      <Filter>subr</Filter>
    </CustomBuild>
    <CustomBuild Include="..\..\subr\rays_locate\read_topo.f90">
      <Filter>subr</Filter>
    </CustomBuild>
    <CustomBuild Include="..\..\subr\rays_locate\read_z_limit.f90">
      <Filter>subr</Filter>
    </CustomBuild>
    <CustomBuild Include="..\..\subr\rays_locate\refmod_all.f90">
      <Filter>subr</Filter>
    </CustomBuild>
    <CustomBuild Include="..\..\subr\convers\sfdec.f90">
      <Filter>subr</Filter>
    </CustomBuild>
    <CustomBuild Include="..\..\subr\rays_locate\vrefmod.f90">
      <Filter>subr</Filter>
    </CustomBuild>
    <CustomBuild Include="..\..\subr\rays_locate\z_lim.f90">
      <Filter>subr</Filter>
    </CustomBuild>
    <CustomBuild Include="locate.f90" />
  </ItemGroup>
</Project>