
Microsoft Visual Studio Solution File, Format Version 11.00
# Visual Studio 2010
Project("{6989167D-11E4-40FE-8C1A-2192A86A7E90}") = "vis_refmod_", "vis_refmod_.vfproj", "{4F47A0F3-12B8-456D-8365-D50418A9FA58}"
EndProject
Global
	GlobalSection(SolutionConfigurationPlatforms) = preSolution
		Debug|Win32 = Debug|Win32
		Release|Win32 = Release|Win32
	EndGlobalSection
	GlobalSection(ProjectConfigurationPlatforms) = postSolution
		{4F47A0F3-12B8-456D-8365-D50418A9FA58}.Debug|Win32.ActiveCfg = Debug|Win32
		{4F47A0F3-12B8-456D-8365-D50418A9FA58}.Debug|Win32.Build.0 = Debug|Win32
		{4F47A0F3-12B8-456D-8365-D50418A9FA58}.Release|Win32.ActiveCfg = Release|Win32
		{4F47A0F3-12B8-456D-8365-D50418A9FA58}.Release|Win32.Build.0 = Release|Win32
	EndGlobalSection
	GlobalSection(SolutionProperties) = preSolution
		HideSolutionNode = FALSE
	EndGlobalSection
EndGlobal
